
Microsoft Visual Studio Solution File, Format Version 12.00
# Visual Studio Version 17
VisualStudioVersion = 17.4.33213.308
MinimumVisualStudioVersion = 10.0.40219.1
Project("{FAE04EC0-301F-11D3-BF4B-00C04F79EFBC}") = "Logistics.Product.Environment1", "Logistics.Product.Ambiente1\Logistics.Product.Environment1.csproj", "{5F980377-3AEB-4B0C-A4CE-D2E8F4D9B6A0}"
EndProject
Project("{FAE04EC0-301F-11D3-BF4B-00C04F79EFBC}") = "Logistics.Product.Environment2", "Logistics.Product.Ambiente2\Logistics.Product.Environment2.csproj", "{CE688356-34EF-45FA-9F39-8F3323928529}"
EndProject
Global
	GlobalSection(SolutionConfigurationPlatforms) = preSolution
		Debug|Any CPU = Debug|Any CPU
		Release|Any CPU = Release|Any CPU
	EndGlobalSection
	GlobalSection(ProjectConfigurationPlatforms) = postSolution
		{5F980377-3AEB-4B0C-A4CE-D2E8F4D9B6A0}.Debug|Any CPU.ActiveCfg = Debug|Any CPU
		{5F980377-3AEB-4B0C-A4CE-D2E8F4D9B6A0}.Debug|Any CPU.Build.0 = Debug|Any CPU
		{5F980377-3AEB-4B0C-A4CE-D2E8F4D9B6A0}.Release|Any CPU.ActiveCfg = Release|Any CPU
		{5F980377-3AEB-4B0C-A4CE-D2E8F4D9B6A0}.Release|Any CPU.Build.0 = Release|Any CPU
		{CE688356-34EF-45FA-9F39-8F3323928529}.Debug|Any CPU.ActiveCfg = Debug|Any CPU
		{CE688356-34EF-45FA-9F39-8F3323928529}.Debug|Any CPU.Build.0 = Debug|Any CPU
		{CE688356-34EF-45FA-9F39-8F3323928529}.Release|Any CPU.ActiveCfg = Release|Any CPU
		{CE688356-34EF-45FA-9F39-8F3323928529}.Release|Any CPU.Build.0 = Release|Any CPU
	EndGlobalSection
	GlobalSection(SolutionProperties) = preSolution
		HideSolutionNode = FALSE
	EndGlobalSection
	GlobalSection(ExtensibilityGlobals) = postSolution
		SolutionGuid = {67E1E3F0-CF22-4BFE-9A08-611F266655F6}
	EndGlobalSection
EndGlobal
